
Microsoft Visual Studio Solution File, Format Version 12.00
# Visual Studio Version 17
VisualStudioVersion = 17.6.33815.320
MinimumVisualStudioVersion = 10.0.40219.1
Project("{FAE04EC0-301F-11D3-BF4B-00C04F79EFBC}") = "ConAppDirectoryEx", "ConAppDirectoryEx\ConAppDirectoryEx.csproj", "{EE028B4A-7E67-417C-B8BD-B2AA8EC14F2D}"
EndProject
Global
	GlobalSection(SolutionConfigurationPlatforms) = preSolution
		Debug|Any CPU = Debug|Any CPU
		Release|Any CPU = Release|Any CPU
	EndGlobalSection
	GlobalSection(ProjectConfigurationPlatforms) = postSolution
		{EE028B4A-7E67-417C-B8BD-B2AA8EC14F2D}.Debug|Any CPU.ActiveCfg = Debug|Any CPU
		{EE028B4A-7E67-417C-B8BD-B2AA8EC14F2D}.Debug|Any CPU.Build.0 = Debug|Any CPU
		{EE028B4A-7E67-417C-B8BD-B2AA8EC14F2D}.Release|Any CPU.ActiveCfg = Release|Any CPU
		{EE028B4A-7E67-417C-B8BD-B2AA8EC14F2D}.Release|Any CPU.Build.0 = Release|Any CPU
	EndGlobalSection
	GlobalSection(SolutionProperties) = preSolution
		HideSolutionNode = FALSE
	EndGlobalSection
	GlobalSection(ExtensibilityGlobals) = postSolution
		SolutionGuid = {AD4A04DF-1185-44C2-B423-3D66D4B3443D}
	EndGlobalSection
EndGlobal
