
Microsoft Visual Studio Solution File, Format Version 12.00
# Visual Studio Version 17
VisualStudioVersion = 17.6.33815.320
MinimumVisualStudioVersion = 10.0.40219.1
Project("{FAE04EC0-301F-11D3-BF4B-00C04F79EFBC}") = "ConAppException", "ConAppException\ConAppException.csproj", "{A6A13843-545C-4089-BE58-4CDC6E7DF14B}"
EndProject
Global
	GlobalSection(SolutionConfigurationPlatforms) = preSolution
		Debug|Any CPU = Debug|Any CPU
		Release|Any CPU = Release|Any CPU
	EndGlobalSection
	GlobalSection(ProjectConfigurationPlatforms) = postSolution
		{A6A13843-545C-4089-BE58-4CDC6E7DF14B}.Debug|Any CPU.ActiveCfg = Debug|Any CPU
		{A6A13843-545C-4089-BE58-4CDC6E7DF14B}.Debug|Any CPU.Build.0 = Debug|Any CPU
		{A6A13843-545C-4089-BE58-4CDC6E7DF14B}.Release|Any CPU.ActiveCfg = Release|Any CPU
		{A6A13843-545C-4089-BE58-4CDC6E7DF14B}.Release|Any CPU.Build.0 = Release|Any CPU
	EndGlobalSection
	GlobalSection(SolutionProperties) = preSolution
		HideSolutionNode = FALSE
	EndGlobalSection
	GlobalSection(ExtensibilityGlobals) = postSolution
		SolutionGuid = {4FFE799E-A8FD-49B5-8F5D-D7ECF8454D3A}
	EndGlobalSection
EndGlobal
