
Microsoft Visual Studio Solution File, Format Version 12.00
# Visual Studio Version 17
VisualStudioVersion = 17.6.33815.320
MinimumVisualStudioVersion = 10.0.40219.1
Project("{FAE04EC0-301F-11D3-BF4B-00C04F79EFBC}") = "ConAppCollectionsCont", "ConAppCollectionsCont\ConAppCollectionsCont.csproj", "{4698EAEB-8AC6-47EB-A32B-C63BA675184A}"
EndProject
Global
	GlobalSection(SolutionConfigurationPlatforms) = preSolution
		Debug|Any CPU = Debug|Any CPU
		Release|Any CPU = Release|Any CPU
	EndGlobalSection
	GlobalSection(ProjectConfigurationPlatforms) = postSolution
		{4698EAEB-8AC6-47EB-A32B-C63BA675184A}.Debug|Any CPU.ActiveCfg = Debug|Any CPU
		{4698EAEB-8AC6-47EB-A32B-C63BA675184A}.Debug|Any CPU.Build.0 = Debug|Any CPU
		{4698EAEB-8AC6-47EB-A32B-C63BA675184A}.Release|Any CPU.ActiveCfg = Release|Any CPU
		{4698EAEB-8AC6-47EB-A32B-C63BA675184A}.Release|Any CPU.Build.0 = Release|Any CPU
	EndGlobalSection
	GlobalSection(SolutionProperties) = preSolution
		HideSolutionNode = FALSE
	EndGlobalSection
	GlobalSection(ExtensibilityGlobals) = postSolution
		SolutionGuid = {E4D9C0E8-265E-41C2-867D-43A6F978AD73}
	EndGlobalSection
EndGlobal
