
Microsoft Visual Studio Solution File, Format Version 12.00
# Visual Studio Version 17
VisualStudioVersion = 17.6.33815.320
MinimumVisualStudioVersion = 10.0.40219.1
Project("{FAE04EC0-301F-11D3-BF4B-00C04F79EFBC}") = "ConAppGenericCollections", "ConAppGenericCollections\ConAppGenericCollections.csproj", "{46499813-8775-407D-957C-E23DE65A4C2D}"
EndProject
Global
	GlobalSection(SolutionConfigurationPlatforms) = preSolution
		Debug|Any CPU = Debug|Any CPU
		Release|Any CPU = Release|Any CPU
	EndGlobalSection
	GlobalSection(ProjectConfigurationPlatforms) = postSolution
		{46499813-8775-407D-957C-E23DE65A4C2D}.Debug|Any CPU.ActiveCfg = Debug|Any CPU
		{46499813-8775-407D-957C-E23DE65A4C2D}.Debug|Any CPU.Build.0 = Debug|Any CPU
		{46499813-8775-407D-957C-E23DE65A4C2D}.Release|Any CPU.ActiveCfg = Release|Any CPU
		{46499813-8775-407D-957C-E23DE65A4C2D}.Release|Any CPU.Build.0 = Release|Any CPU
	EndGlobalSection
	GlobalSection(SolutionProperties) = preSolution
		HideSolutionNode = FALSE
	EndGlobalSection
	GlobalSection(ExtensibilityGlobals) = postSolution
		SolutionGuid = {23F8B275-0ACC-4FDC-A9BC-8CCBC740BC0B}
	EndGlobalSection
EndGlobal
